
Microsoft Visual Studio Solution File, Format Version 12.00
# Visual Studio 15
VisualStudioVersion = 15.0.28307.645
MinimumVisualStudioVersion = 10.0.40219.1
Project("{FAE04EC0-301F-11D3-BF4B-00C04F79EFBC}") = "Cl_StopWatch", "Cl_StopWatch\Cl_StopWatch.csproj", "{0B15B523-E753-4577-BD66-330B2AD2E6C0}"
EndProject
Global
	GlobalSection(SolutionConfigurationPlatforms) = preSolution
		Debug|Any CPU = Debug|Any CPU
		Release|Any CPU = Release|Any CPU
	EndGlobalSection
	GlobalSection(ProjectConfigurationPlatforms) = postSolution
		{0B15B523-E753-4577-BD66-330B2AD2E6C0}.Debug|Any CPU.ActiveCfg = Debug|Any CPU
		{0B15B523-E753-4577-BD66-330B2AD2E6C0}.Debug|Any CPU.Build.0 = Debug|Any CPU
		{0B15B523-E753-4577-BD66-330B2AD2E6C0}.Release|Any CPU.ActiveCfg = Release|Any CPU
		{0B15B523-E753-4577-BD66-330B2AD2E6C0}.Release|Any CPU.Build.0 = Release|Any CPU
	EndGlobalSection
	GlobalSection(SolutionProperties) = preSolution
		HideSolutionNode = FALSE
	EndGlobalSection
	GlobalSection(ExtensibilityGlobals) = postSolution
		SolutionGuid = {893B7938-CAEA-4F3D-83A5-378397B6C890}
	EndGlobalSection
EndGlobal
